// !$*UTF8*$!
{
	archiveVersion = 1;
	classes = {
	};
	objectVersion = 51;
	objects = {

/* Begin PBXBuildFile section */
		460BB7DA22A0FB8100DB7A5E /* CircleViewController.swift in Sources */ = {isa = PBXBuildFile; fileRef = 460BB7D822A0FB8100DB7A5E /* CircleViewController.swift */; };
		460BB7DB22A0FB8100DB7A5E /* CircleViewController.xib in Resources */ = {isa = PBXBuildFile; fileRef = 460BB7D922A0FB8100DB7A5E /* CircleViewController.xib */; };
		460BB7DD22A0FBD600DB7A5E /* KnowListEntity.swift in Sources */ = {isa = PBXBuildFile; fileRef = 460BB7DC22A0FBD600DB7A5E /* KnowListEntity.swift */; };
		467B48B12465553B00451B82 /* DrawViewController.swift in Sources */ = {isa = PBXBuildFile; fileRef = 467B48B02465553B00451B82 /* DrawViewController.swift */; };
		46AC571C230A37B600C6A8A2 /* AudioViewController.swift in Sources */ = {isa = PBXBuildFile; fileRef = 46AC571B230A37B600C6A8A2 /* AudioViewController.swift */; };
		46AC574F230D608000C6A8A2 /* LoginViewController.swift in Sources */ = {isa = PBXBuildFile; fileRef = 46AC574E230D608000C6A8A2 /* LoginViewController.swift */; };
		46AC5751230D60A800C6A8A2 /* LoginViewController.xib in Resources */ = {isa = PBXBuildFile; fileRef = 46AC5750230D60A800C6A8A2 /* LoginViewController.xib */; };
		46AC5754230D61F500C6A8A2 /* UserInfo.swift in Sources */ = {isa = PBXBuildFile; fileRef = 46AC5753230D61F500C6A8A2 /* UserInfo.swift */; };
		46AC5756230D668900C6A8A2 /* KnowSwift.swift in Sources */ = {isa = PBXBuildFile; fileRef = 46AC5755230D668900C6A8A2 /* KnowSwift.swift */; };
		46C8AABA22AE475B0088097E /* People.swift in Sources */ = {isa = PBXBuildFile; fileRef = 46C8AAB922AE475B0088097E /* People.swift */; };
		4CE1A93A38779172CB8B81B8 /* Pods_SwiftDemo.framework in Frameworks */ = {isa = PBXBuildFile; fileRef = 5A4DB1AAE57DE94586E5E87D /* Pods_SwiftDemo.framework */; };
		97348BAD228262140043DE36 /* SwiftViewController.swift in Sources */ = {isa = PBXBuildFile; fileRef = 97348BAC228262140043DE36 /* SwiftViewController.swift */; };
		97348BB0228268C00043DE36 /* KnowEntity.swift in Sources */ = {isa = PBXBuildFile; fileRef = 97348BAF228268C00043DE36 /* KnowEntity.swift */; };
		97B79A0D225F329D001FEB3E /* AppDelegate.swift in Sources */ = {isa = PBXBuildFile; fileRef = 97B79A0C225F329D001FEB3E /* AppDelegate.swift */; };
		97B79A0F225F329D001FEB3E /* ViewController.swift in Sources */ = {isa = PBXBuildFile; fileRef = 97B79A0E225F329D001FEB3E /* ViewController.swift */; };
		97B79A12225F329D001FEB3E /* Main.storyboard in Resources */ = {isa = PBXBuildFile; fileRef = 97B79A10225F329D001FEB3E /* Main.storyboard */; };
		97B79A14225F329E001FEB3E /* Assets.xcassets in Resources */ = {isa = PBXBuildFile; fileRef = 97B79A13225F329E001FEB3E /* Assets.xcassets */; };
		97B79A17225F329E001FEB3E /* LaunchScreen.storyboard in Resources */ = {isa = PBXBuildFile; fileRef = 97B79A15225F329E001FEB3E /* LaunchScreen.storyboard */; };
		97B79A22225F3320001FEB3E /* HomeViewController.swift in Sources */ = {isa = PBXBuildFile; fileRef = 97B79A20225F3320001FEB3E /* HomeViewController.swift */; };
		97B79A23225F3320001FEB3E /* HomeViewController.xib in Resources */ = {isa = PBXBuildFile; fileRef = 97B79A21225F3320001FEB3E /* HomeViewController.xib */; };
		97B79A26225F3331001FEB3E /* MineViewController.swift in Sources */ = {isa = PBXBuildFile; fileRef = 97B79A24225F3331001FEB3E /* MineViewController.swift */; };
		97B79A27225F3331001FEB3E /* MineViewController.xib in Resources */ = {isa = PBXBuildFile; fileRef = 97B79A25225F3331001FEB3E /* MineViewController.xib */; };
		97B79A29225F33DB001FEB3E /* RootViewController.swift in Sources */ = {isa = PBXBuildFile; fileRef = 97B79A28225F33DB001FEB3E /* RootViewController.swift */; };
		97CDB63B22893BDC00257F77 /* HomeViewCell.swift in Sources */ = {isa = PBXBuildFile; fileRef = 97CDB63922893BDC00257F77 /* HomeViewCell.swift */; };
		97CDB63C22893BDC00257F77 /* HomeViewCell.xib in Resources */ = {isa = PBXBuildFile; fileRef = 97CDB63A22893BDC00257F77 /* HomeViewCell.xib */; };
		97CDB649228ADB2600257F77 /* DetailViewController.swift in Sources */ = {isa = PBXBuildFile; fileRef = 97CDB648228ADB2600257F77 /* DetailViewController.swift */; };
		97CDB64D228B9A6900257F77 /* StringExtension.swift in Sources */ = {isa = PBXBuildFile; fileRef = 97CDB64C228B9A6900257F77 /* StringExtension.swift */; };
		97CDB666228E9CFF00257F77 /* CircleView.swift in Sources */ = {isa = PBXBuildFile; fileRef = 97CDB665228E9CFF00257F77 /* CircleView.swift */; };
		97CDB668229239C300257F77 /* Singleton.swift in Sources */ = {isa = PBXBuildFile; fileRef = 97CDB667229239C300257F77 /* Singleton.swift */; };
/* End PBXBuildFile section */

/* Begin PBXFileReference section */
		460BB7D822A0FB8100DB7A5E /* CircleViewController.swift */ = {isa = PBXFileReference; lastKnownFileType = sourcecode.swift; path = CircleViewController.swift; sourceTree = "<group>"; };
		460BB7D922A0FB8100DB7A5E /* CircleViewController.xib */ = {isa = PBXFileReference; lastKnownFileType = file.xib; path = CircleViewController.xib; sourceTree = "<group>"; };
		460BB7DC22A0FBD600DB7A5E /* KnowListEntity.swift */ = {isa = PBXFileReference; lastKnownFileType = sourcecode.swift; path = KnowListEntity.swift; sourceTree = "<group>"; };
		467B48B02465553B00451B82 /* DrawViewController.swift */ = {isa = PBXFileReference; lastKnownFileType = sourcecode.swift; path = DrawViewController.swift; sourceTree = "<group>"; };
		46AC571B230A37B600C6A8A2 /* AudioViewController.swift */ = {isa = PBXFileReference; lastKnownFileType = sourcecode.swift; path = AudioViewController.swift; sourceTree = "<group>"; };
		46AC574E230D608000C6A8A2 /* LoginViewController.swift */ = {isa = PBXFileReference; lastKnownFileType = sourcecode.swift; path = LoginViewController.swift; sourceTree = "<group>"; };
		46AC5750230D60A800C6A8A2 /* LoginViewController.xib */ = {isa = PBXFileReference; lastKnownFileType = file.xib; path = LoginViewController.xib; sourceTree = "<group>"; };
		46AC5753230D61F500C6A8A2 /* UserInfo.swift */ = {isa = PBXFileReference; lastKnownFileType = sourcecode.swift; path = UserInfo.swift; sourceTree = "<group>"; };
		46AC5755230D668900C6A8A2 /* KnowSwift.swift */ = {isa = PBXFileReference; lastKnownFileType = sourcecode.swift; path = KnowSwift.swift; sourceTree = "<group>"; };
		46C8AAB922AE475B0088097E /* People.swift */ = {isa = PBXFileReference; lastKnownFileType = sourcecode.swift; path = People.swift; sourceTree = "<group>"; };
		5A4DB1AAE57DE94586E5E87D /* Pods_SwiftDemo.framework */ = {isa = PBXFileReference; explicitFileType = wrapper.framework; includeInIndex = 0; path = Pods_SwiftDemo.framework; sourceTree = BUILT_PRODUCTS_DIR; };
		7E081C3AC38F6615DF583618 /* Pods-SwiftDemo.release.xcconfig */ = {isa = PBXFileReference; includeInIndex = 1; lastKnownFileType = text.xcconfig; name = "Pods-SwiftDemo.release.xcconfig"; path = "Target Support Files/Pods-SwiftDemo/Pods-SwiftDemo.release.xcconfig"; sourceTree = "<group>"; };
		8407C3C6B5A832627EAD0EF4 /* Pods-SwiftDemo.debug.xcconfig */ = {isa = PBXFileReference; includeInIndex = 1; lastKnownFileType = text.xcconfig; name = "Pods-SwiftDemo.debug.xcconfig"; path = "Target Support Files/Pods-SwiftDemo/Pods-SwiftDemo.debug.xcconfig"; sourceTree = "<group>"; };
		97348BAC228262140043DE36 /* SwiftViewController.swift */ = {isa = PBXFileReference; lastKnownFileType = sourcecode.swift; path = SwiftViewController.swift; sourceTree = "<group>"; };
		97348BAF228268C00043DE36 /* KnowEntity.swift */ = {isa = PBXFileReference; lastKnownFileType = sourcecode.swift; path = KnowEntity.swift; sourceTree = "<group>"; };
		97B79A09225F329D001FEB3E /* SwiftDemo.app */ = {isa = PBXFileReference; explicitFileType = wrapper.application; includeInIndex = 0; path = SwiftDemo.app; sourceTree = BUILT_PRODUCTS_DIR; };
		97B79A0C225F329D001FEB3E /* AppDelegate.swift */ = {isa = PBXFileReference; lastKnownFileType = sourcecode.swift; path = AppDelegate.swift; sourceTree = "<group>"; };
		97B79A0E225F329D001FEB3E /* ViewController.swift */ = {isa = PBXFileReference; lastKnownFileType = sourcecode.swift; path = ViewController.swift; sourceTree = "<group>"; };
		97B79A11225F329D001FEB3E /* Base */ = {isa = PBXFileReference; lastKnownFileType = file.storyboard; name = Base; path = Base.lproj/Main.storyboard; sourceTree = "<group>"; };
		97B79A13225F329E001FEB3E /* Assets.xcassets */ = {isa = PBXFileReference; lastKnownFileType = folder.assetcatalog; path = Assets.xcassets; sourceTree = "<group>"; };
		97B79A16225F329E001FEB3E /* Base */ = {isa = PBXFileReference; lastKnownFileType = file.storyboard; name = Base; path = Base.lproj/LaunchScreen.storyboard; sourceTree = "<group>"; };
		97B79A18225F329E001FEB3E /* Info.plist */ = {isa = PBXFileReference; lastKnownFileType = text.plist.xml; path = Info.plist; sourceTree = "<group>"; };
		97B79A20225F3320001FEB3E /* HomeViewController.swift */ = {isa = PBXFileReference; lastKnownFileType = sourcecode.swift; path = HomeViewController.swift; sourceTree = "<group>"; };
		97B79A21225F3320001FEB3E /* HomeViewController.xib */ = {isa = PBXFileReference; lastKnownFileType = file.xib; path = HomeViewController.xib; sourceTree = "<group>"; };
		97B79A24225F3331001FEB3E /* MineViewController.swift */ = {isa = PBXFileReference; lastKnownFileType = sourcecode.swift; path = MineViewController.swift; sourceTree = "<group>"; };
		97B79A25225F3331001FEB3E /* MineViewController.xib */ = {isa = PBXFileReference; lastKnownFileType = file.xib; path = MineViewController.xib; sourceTree = "<group>"; };
		97B79A28225F33DB001FEB3E /* RootViewController.swift */ = {isa = PBXFileReference; lastKnownFileType = sourcecode.swift; path = RootViewController.swift; sourceTree = "<group>"; };
		97CDB63922893BDC00257F77 /* HomeViewCell.swift */ = {isa = PBXFileReference; lastKnownFileType = sourcecode.swift; path = HomeViewCell.swift; sourceTree = "<group>"; };
		97CDB63A22893BDC00257F77 /* HomeViewCell.xib */ = {isa = PBXFileReference; lastKnownFileType = file.xib; path = HomeViewCell.xib; sourceTree = "<group>"; };
		97CDB648228ADB2600257F77 /* DetailViewController.swift */ = {isa = PBXFileReference; lastKnownFileType = sourcecode.swift; path = DetailViewController.swift; sourceTree = "<group>"; };
		97CDB64C228B9A6900257F77 /* StringExtension.swift */ = {isa = PBXFileReference; lastKnownFileType = sourcecode.swift; path = StringExtension.swift; sourceTree = "<group>"; };
		97CDB665228E9CFF00257F77 /* CircleView.swift */ = {isa = PBXFileReference; lastKnownFileType = sourcecode.swift; path = CircleView.swift; sourceTree = "<group>"; };
		97CDB667229239C300257F77 /* Singleton.swift */ = {isa = PBXFileReference; lastKnownFileType = sourcecode.swift; path = Singleton.swift; sourceTree = "<group>"; };
/* End PBXFileReference section */

/* Begin PBXFrameworksBuildPhase section */
		97B79A06225F329D001FEB3E /* Frameworks */ = {
			isa = PBXFrameworksBuildPhase;
			buildActionMask = 2147483647;
			files = (
				4CE1A93A38779172CB8B81B8 /* Pods_SwiftDemo.framework in Frameworks */,
			);
			runOnlyForDeploymentPostprocessing = 0;
		};
/* End PBXFrameworksBuildPhase section */

/* Begin PBXGroup section */
		46AC5747230D5F7300C6A8A2 /* Classes */ = {
			isa = PBXGroup;
			children = (
				46AC574A230D5FB700C6A8A2 /* Models */,
				46AC5749230D5FAF00C6A8A2 /* Views */,
				46AC5748230D5F8800C6A8A2 /* Controllers */,
			);
			path = Classes;
			sourceTree = "<group>";
		};
		46AC5748230D5F8800C6A8A2 /* Controllers */ = {
			isa = PBXGroup;
			children = (
				46AC5752230D61D800C6A8A2 /* UserInfo */,
				97348BAC228262140043DE36 /* SwiftViewController.swift */,
				46AC571B230A37B600C6A8A2 /* AudioViewController.swift */,
				97CDB648228ADB2600257F77 /* DetailViewController.swift */,
				460BB7D822A0FB8100DB7A5E /* CircleViewController.swift */,
				460BB7D922A0FB8100DB7A5E /* CircleViewController.xib */,
				46AC574D230D606400C6A8A2 /* Login */,
			);
			path = Controllers;
			sourceTree = "<group>";
		};
		46AC5749230D5FAF00C6A8A2 /* Views */ = {
			isa = PBXGroup;
			children = (
				97CDB63922893BDC00257F77 /* HomeViewCell.swift */,
				97CDB63A22893BDC00257F77 /* HomeViewCell.xib */,
				97CDB665228E9CFF00257F77 /* CircleView.swift */,
			);
			path = Views;
			sourceTree = "<group>";
		};
		46AC574A230D5FB700C6A8A2 /* Models */ = {
			isa = PBXGroup;
			children = (
				97348BAF228268C00043DE36 /* KnowEntity.swift */,
				460BB7DC22A0FBD600DB7A5E /* KnowListEntity.swift */,
				46AC5755230D668900C6A8A2 /* KnowSwift.swift */,
			);
			path = Models;
			sourceTree = "<group>";
		};
		46AC574B230D600000C6A8A2 /* CommonTests */ = {
			isa = PBXGroup;
			children = (
				46C8AAB922AE475B0088097E /* People.swift */,
			);
			path = CommonTests;
			sourceTree = "<group>";
		};
		46AC574D230D606400C6A8A2 /* Login */ = {
			isa = PBXGroup;
			children = (
				46AC574E230D608000C6A8A2 /* LoginViewController.swift */,
				46AC5750230D60A800C6A8A2 /* LoginViewController.xib */,
			);
			path = Login;
			sourceTree = "<group>";
		};
		46AC5752230D61D800C6A8A2 /* UserInfo */ = {
			isa = PBXGroup;
			children = (
				46AC5753230D61F500C6A8A2 /* UserInfo.swift */,
			);
			path = UserInfo;
			sourceTree = "<group>";
		};
		7761A4732618CC102BA5A639 /* Frameworks */ = {
			isa = PBXGroup;
			children = (
				5A4DB1AAE57DE94586E5E87D /* Pods_SwiftDemo.framework */,
			);
			name = Frameworks;
			sourceTree = "<group>";
		};
		97B79A00225F329D001FEB3E = {
			isa = PBXGroup;
			children = (
				97B79A0B225F329D001FEB3E /* SwiftDemo */,
				97B79A0A225F329D001FEB3E /* Products */,
				E48805F8B8332434A0654A64 /* Pods */,
				7761A4732618CC102BA5A639 /* Frameworks */,
			);
			sourceTree = "<group>";
		};
		97B79A0A225F329D001FEB3E /* Products */ = {
			isa = PBXGroup;
			children = (
				97B79A09225F329D001FEB3E /* SwiftDemo.app */,
			);
			name = Products;
			sourceTree = "<group>";
		};
		97B79A0B225F329D001FEB3E /* SwiftDemo */ = {
			isa = PBXGroup;
			children = (
				97B79A0C225F329D001FEB3E /* AppDelegate.swift */,
				97B79A0E225F329D001FEB3E /* ViewController.swift */,
				97B79A28225F33DB001FEB3E /* RootViewController.swift */,
				97B79A20225F3320001FEB3E /* HomeViewController.swift */,
				97B79A21225F3320001FEB3E /* HomeViewController.xib */,
				97B79A24225F3331001FEB3E /* MineViewController.swift */,
				97B79A25225F3331001FEB3E /* MineViewController.xib */,
				467B48B02465553B00451B82 /* DrawViewController.swift */,
				46AC5747230D5F7300C6A8A2 /* Classes */,
				46AC574B230D600000C6A8A2 /* CommonTests */,
				97CDB64B228B9A2B00257F77 /* CommonTools */,
				97B79A10225F329D001FEB3E /* Main.storyboard */,
				97B79A13225F329E001FEB3E /* Assets.xcassets */,
				97B79A15225F329E001FEB3E /* LaunchScreen.storyboard */,
				97B79A18225F329E001FEB3E /* Info.plist */,
			);
			path = SwiftDemo;
			sourceTree = "<group>";
		};
		97CDB64B228B9A2B00257F77 /* CommonTools */ = {
			isa = PBXGroup;
			children = (
				97CDB667229239C300257F77 /* Singleton.swift */,
				97CDB64C228B9A6900257F77 /* StringExtension.swift */,
			);
			path = CommonTools;
			sourceTree = "<group>";
		};
		E48805F8B8332434A0654A64 /* Pods */ = {
			isa = PBXGroup;
			children = (
				8407C3C6B5A832627EAD0EF4 /* Pods-SwiftDemo.debug.xcconfig */,
				7E081C3AC38F6615DF583618 /* Pods-SwiftDemo.release.xcconfig */,
			);
			path = Pods;
			sourceTree = "<group>";
		};
/* End PBXGroup section */

/* Begin PBXNativeTarget section */
		97B79A08225F329D001FEB3E /* SwiftDemo */ = {
			isa = PBXNativeTarget;
			buildConfigurationList = 97B79A1B225F329E001FEB3E /* Build configuration list for PBXNativeTarget "SwiftDemo" */;
			buildPhases = (
				619F564176DB041C48165DC4 /* [CP] Check Pods Manifest.lock */,
				97B79A05225F329D001FEB3E /* Sources */,
				97B79A06225F329D001FEB3E /* Frameworks */,
				97B79A07225F329D001FEB3E /* Resources */,
				F865A67818B2E1DB67462525 /* [CP] Embed Pods Frameworks */,
			);
			buildRules = (
			);
			dependencies = (
			);
			name = SwiftDemo;
			productName = SwiftDemo;
			productReference = 97B79A09225F329D001FEB3E /* SwiftDemo.app */;
			productType = "com.apple.product-type.application";
		};
/* End PBXNativeTarget section */

/* Begin PBXProject section */
		97B79A01225F329D001FEB3E /* Project object */ = {
			isa = PBXProject;
			attributes = {
				LastSwiftUpdateCheck = 1020;
				LastUpgradeCheck = 1020;
				ORGANIZATIONNAME = Shiguanghui;
				TargetAttributes = {
					97B79A08225F329D001FEB3E = {
						CreatedOnToolsVersion = 10.2;
					};
				};
			};
			buildConfigurationList = 97B79A04225F329D001FEB3E /* Build configuration list for PBXProject "SwiftDemo" */;
			compatibilityVersion = "Xcode 9.3";
			developmentRegion = en;
			hasScannedForEncodings = 0;
			knownRegions = (
				en,
				Base,
			);
			mainGroup = 97B79A00225F329D001FEB3E;
			productRefGroup = 97B79A0A225F329D001FEB3E /* Products */;
			projectDirPath = "";
			projectRoot = "";
			targets = (
				97B79A08225F329D001FEB3E /* SwiftDemo */,
			);
		};
/* End PBXProject section */

/* Begin PBXResourcesBuildPhase section */
		97B79A07225F329D001FEB3E /* Resources */ = {
			isa = PBXResourcesBuildPhase;
			buildActionMask = 2147483647;
			files = (
				46AC5751230D60A800C6A8A2 /* LoginViewController.xib in Resources */,
				97B79A27225F3331001FEB3E /* MineViewController.xib in Resources */,
				97B79A17225F329E001FEB3E /* LaunchScreen.storyboard in Resources */,
				97B79A14225F329E001FEB3E /* Assets.xcassets in Resources */,
				97CDB63C22893BDC00257F77 /* HomeViewCell.xib in Resources */,
				97B79A12225F329D001FEB3E /* Main.storyboard in Resources */,
				460BB7DB22A0FB8100DB7A5E /* CircleViewController.xib in Resources */,
				97B79A23225F3320001FEB3E /* HomeViewController.xib in Resources */,
			);
			runOnlyForDeploymentPostprocessing = 0;
		};
/* End PBXResourcesBuildPhase section */

/* Begin PBXShellScriptBuildPhase section */
		619F564176DB041C48165DC4 /* [CP] Check Pods Manifest.lock */ = {
			isa = PBXShellScriptBuildPhase;
			buildActionMask = 2147483647;
			files = (
			);
			inputFileListPaths = (
			);
			inputPaths = (
				"${PODS_PODFILE_DIR_PATH}/Podfile.lock",
				"${PODS_ROOT}/Manifest.lock",
			);
			name = "[CP] Check Pods Manifest.lock";
			outputFileListPaths = (
			);
			outputPaths = (
				"$(DERIVED_FILE_DIR)/Pods-SwiftDemo-checkManifestLockResult.txt",
			);
			runOnlyForDeploymentPostprocessing = 0;
			shellPath = /bin/sh;
			shellScript = "diff \"${PODS_PODFILE_DIR_PATH}/Podfile.lock\" \"${PODS_ROOT}/Manifest.lock\" > /dev/null\nif [ $? != 0 ] ; then\n    # print error to STDERR\n    echo \"error: The sandbox is not in sync with the Podfile.lock. Run 'pod install' or update your CocoaPods installation.\" >&2\n    exit 1\nfi\n# This output is used by Xcode 'outputs' to avoid re-running this script phase.\necho \"SUCCESS\" > \"${SCRIPT_OUTPUT_FILE_0}\"\n";
			showEnvVarsInLog = 0;
		};
		F865A67818B2E1DB67462525 /* [CP] Embed Pods Frameworks */ = {
			isa = PBXShellScriptBuildPhase;
			buildActionMask = 2147483647;
			files = (
			);
			inputFileListPaths = (
				"${PODS_ROOT}/Target Support Files/Pods-SwiftDemo/Pods-SwiftDemo-frameworks-${CONFIGURATION}-input-files.xcfilelist",
			);
			name = "[CP] Embed Pods Frameworks";
			outputFileListPaths = (
				"${PODS_ROOT}/Target Support Files/Pods-SwiftDemo/Pods-SwiftDemo-frameworks-${CONFIGURATION}-output-files.xcfilelist",
			);
			runOnlyForDeploymentPostprocessing = 0;
			shellPath = /bin/sh;
			shellScript = "\"${PODS_ROOT}/Target Support Files/Pods-SwiftDemo/Pods-SwiftDemo-frameworks.sh\"\n";
			showEnvVarsInLog = 0;
		};
/* End PBXShellScriptBuildPhase section */

/* Begin PBXSourcesBuildPhase section */
		97B79A05225F329D001FEB3E /* Sources */ = {
			isa = PBXSourcesBuildPhase;
			buildActionMask = 2147483647;
			files = (
				97CDB649228ADB2600257F77 /* DetailViewController.swift in Sources */,
				97CDB668229239C300257F77 /* Singleton.swift in Sources */,
				97348BAD228262140043DE36 /* SwiftViewController.swift in Sources */,
				97CDB64D228B9A6900257F77 /* StringExtension.swift in Sources */,
				46C8AABA22AE475B0088097E /* People.swift in Sources */,
				46AC571C230A37B600C6A8A2 /* AudioViewController.swift in Sources */,
				97CDB63B22893BDC00257F77 /* HomeViewCell.swift in Sources */,
				46AC5756230D668900C6A8A2 /* KnowSwift.swift in Sources */,
				97B79A29225F33DB001FEB3E /* RootViewController.swift in Sources */,
				97B79A0F225F329D001FEB3E /* ViewController.swift in Sources */,
				460BB7DD22A0FBD600DB7A5E /* KnowListEntity.swift in Sources */,
				97CDB666228E9CFF00257F77 /* CircleView.swift in Sources */,
				467B48B12465553B00451B82 /* DrawViewController.swift in Sources */,
				97B79A0D225F329D001FEB3E /* AppDelegate.swift in Sources */,
				97B79A22225F3320001FEB3E /* HomeViewController.swift in Sources */,
				46AC574F230D608000C6A8A2 /* LoginViewController.swift in Sources */,
				97B79A26225F3331001FEB3E /* MineViewController.swift in Sources */,
				97348BB0228268C00043DE36 /* KnowEntity.swift in Sources */,
				46AC5754230D61F500C6A8A2 /* UserInfo.swift in Sources */,
				460BB7DA22A0FB8100DB7A5E /* CircleViewController.swift in Sources */,
			);
			runOnlyForDeploymentPostprocessing = 0;
		};
/* End PBXSourcesBuildPhase section */

/* Begin PBXVariantGroup section */
		97B79A10225F329D001FEB3E /* Main.storyboard */ = {
			isa = PBXVariantGroup;
			children = (
				97B79A11225F329D001FEB3E /* Base */,
			);
			name = Main.storyboard;
			sourceTree = "<group>";
		};
		97B79A15225F329E001FEB3E /* LaunchScreen.storyboard */ = {
			isa = PBXVariantGroup;
			children = (
				97B79A16225F329E001FEB3E /* Base */,
			);
			name = LaunchScreen.storyboard;
			sourceTree = "<group>";
		};
/* End PBXVariantGroup section */

/* Begin XCBuildConfiguration section */
		97B79A19225F329E001FEB3E /* Debug */ = {
			isa = XCBuildConfiguration;
			buildSettings = {
				ALWAYS_SEARCH_USER_PATHS = NO;
				CLANG_ANALYZER_NONNULL = YES;
				CLANG_ANALYZER_NUMBER_OBJECT_CONVERSION = YES_AGGRESSIVE;
				CLANG_CXX_LANGUAGE_STANDARD = "gnu++14";
				CLANG_CXX_LIBRARY = "libc++";
				CLANG_ENABLE_MODULES = YES;
				CLANG_ENABLE_OBJC_ARC = YES;
				CLANG_ENABLE_OBJC_WEAK = YES;
				CLANG_WARN_BLOCK_CAPTURE_AUTORELEASING = YES;
				CLANG_WARN_BOOL_CONVERSION = YES;
				CLANG_WARN_COMMA = YES;
				CLANG_WARN_CONSTANT_CONVERSION = YES;
				CLANG_WARN_DEPRECATED_OBJC_IMPLEMENTATIONS = YES;
				CLANG_WARN_DIRECT_OBJC_ISA_USAGE = YES_ERROR;
				CLANG_WARN_DOCUMENTATION_COMMENTS = YES;
				CLANG_WARN_EMPTY_BODY = YES;
				CLANG_WARN_ENUM_CONVERSION = YES;
				CLANG_WARN_INFINITE_RECURSION = YES;
				CLANG_WARN_INT_CONVERSION = YES;
				CLANG_WARN_NON_LITERAL_NULL_CONVERSION = YES;
				CLANG_WARN_OBJC_IMPLICIT_RETAIN_SELF = YES;
				CLANG_WARN_OBJC_LITERAL_CONVERSION = YES;
				CLANG_WARN_OBJC_ROOT_CLASS = YES_ERROR;
				CLANG_WARN_RANGE_LOOP_ANALYSIS = YES;
				CLANG_WARN_STRICT_PROTOTYPES = YES;
				CLANG_WARN_SUSPICIOUS_MOVE = YES;
				CLANG_WARN_UNGUARDED_AVAILABILITY = YES_AGGRESSIVE;
				CLANG_WARN_UNREACHABLE_CODE = YES;
				CLANG_WARN__DUPLICATE_METHOD_MATCH = YES;
				CODE_SIGN_IDENTITY = "iPhone Developer";
				COPY_PHASE_STRIP = NO;
				DEBUG_INFORMATION_FORMAT = dwarf;
				ENABLE_STRICT_OBJC_MSGSEND = YES;
				ENABLE_TESTABILITY = YES;
				GCC_C_LANGUAGE_STANDARD = gnu11;
				GCC_DYNAMIC_NO_PIC = NO;
				GCC_NO_COMMON_BLOCKS = YES;
				GCC_OPTIMIZATION_LEVEL = 0;
				GCC_PREPROCESSOR_DEFINITIONS = (
					"DEBUG=1",
					"$(inherited)",
				);
				GCC_WARN_64_TO_32_BIT_CONVERSION = YES;
				GCC_WARN_ABOUT_RETURN_TYPE = YES_ERROR;
				GCC_WARN_UNDECLARED_SELECTOR = YES;
				GCC_WARN_UNINITIALIZED_AUTOS = YES_AGGRESSIVE;
				GCC_WARN_UNUSED_FUNCTION = YES;
				GCC_WARN_UNUSED_VARIABLE = YES;
				IPHONEOS_DEPLOYMENT_TARGET = 12.2;
				MTL_ENABLE_DEBUG_INFO = INCLUDE_SOURCE;
				MTL_FAST_MATH = YES;
				ONLY_ACTIVE_ARCH = YES;
				SDKROOT = iphoneos;
				SWIFT_ACTIVE_COMPILATION_CONDITIONS = DEBUG;
				SWIFT_OPTIMIZATION_LEVEL = "-Onone";
			};
			name = Debug;
		};
		97B79A1A225F329E001FEB3E /* Release */ = {
			isa = XCBuildConfiguration;
			buildSettings = {
				ALWAYS_SEARCH_USER_PATHS = NO;
				CLANG_ANALYZER_NONNULL = YES;
				CLANG_ANALYZER_NUMBER_OBJECT_CONVERSION = YES_AGGRESSIVE;
				CLANG_CXX_LANGUAGE_STANDARD = "gnu++14";
				CLANG_CXX_LIBRARY = "libc++";
				CLANG_ENABLE_MODULES = YES;
				CLANG_ENABLE_OBJC_ARC = YES;
				CLANG_ENABLE_OBJC_WEAK = YES;
				CLANG_WARN_BLOCK_CAPTURE_AUTORELEASING = YES;
				CLANG_WARN_BOOL_CONVERSION = YES;
				CLANG_WARN_COMMA = YES;
				CLANG_WARN_CONSTANT_CONVERSION = YES;
				CLANG_WARN_DEPRECATED_OBJC_IMPLEMENTATIONS = YES;
				CLANG_WARN_DIRECT_OBJC_ISA_USAGE = YES_ERROR;
				CLANG_WARN_DOCUMENTATION_COMMENTS = YES;
				CLANG_WARN_EMPTY_BODY = YES;
				CLANG_WARN_ENUM_CONVERSION = YES;
				CLANG_WARN_INFINITE_RECURSION = YES;
				CLANG_WARN_INT_CONVERSION = YES;
				CLANG_WARN_NON_LITERAL_NULL_CONVERSION = YES;
				CLANG_WARN_OBJC_IMPLICIT_RETAIN_SELF = YES;
				CLANG_WARN_OBJC_LITERAL_CONVERSION = YES;
				CLANG_WARN_OBJC_ROOT_CLASS = YES_ERROR;
				CLANG_WARN_RANGE_LOOP_ANALYSIS = YES;
				CLANG_WARN_STRICT_PROTOTYPES = YES;
				CLANG_WARN_SUSPICIOUS_MOVE = YES;
				CLANG_WARN_UNGUARDED_AVAILABILITY = YES_AGGRESSIVE;
				CLANG_WARN_UNREACHABLE_CODE = YES;
				CLANG_WARN__DUPLICATE_METHOD_MATCH = YES;
				CODE_SIGN_IDENTITY = "iPhone Developer";
				COPY_PHASE_STRIP = NO;
				DEBUG_INFORMATION_FORMAT = "dwarf-with-dsym";
				ENABLE_NS_ASSERTIONS = NO;
				ENABLE_STRICT_OBJC_MSGSEND = YES;
				GCC_C_LANGUAGE_STANDARD = gnu11;
				GCC_NO_COMMON_BLOCKS = YES;
				GCC_WARN_64_TO_32_BIT_CONVERSION = YES;
				GCC_WARN_ABOUT_RETURN_TYPE = YES_ERROR;
				GCC_WARN_UNDECLARED_SELECTOR = YES;
				GCC_WARN_UNINITIALIZED_AUTOS = YES_AGGRESSIVE;
				GCC_WARN_UNUSED_FUNCTION = YES;
				GCC_WARN_UNUSED_VARIABLE = YES;
				IPHONEOS_DEPLOYMENT_TARGET = 12.2;
				MTL_ENABLE_DEBUG_INFO = NO;
				MTL_FAST_MATH = YES;
				SDKROOT = iphoneos;
				SWIFT_COMPILATION_MODE = wholemodule;
				SWIFT_OPTIMIZATION_LEVEL = "-O";
				VALIDATE_PRODUCT = YES;
			};
			name = Release;
		};
		97B79A1C225F329E001FEB3E /* Debug */ = {
			isa = XCBuildConfiguration;
			baseConfigurationReference = 8407C3C6B5A832627EAD0EF4 /* Pods-SwiftDemo.debug.xcconfig */;
			buildSettings = {
				ASSETCATALOG_COMPILER_APPICON_NAME = AppIcon;
				CODE_SIGN_STYLE = Manual;
				DEVELOPMENT_TEAM = YJD2L6AVTN;
				INFOPLIST_FILE = SwiftDemo/Info.plist;
				IPHONEOS_DEPLOYMENT_TARGET = 11.0;
				LD_RUNPATH_SEARCH_PATHS = (
					"$(inherited)",
					"@executable_path/Frameworks",
				);
				PRODUCT_BUNDLE_IDENTIFIER = com.quantgroup.corcle;
				PRODUCT_NAME = "$(TARGET_NAME)";
				PROVISIONING_PROFILE_SPECIFIER = "develop_*";
				SWIFT_VERSION = 5.0;
				TARGETED_DEVICE_FAMILY = 1;
			};
			name = Debug;
		};
		97B79A1D225F329E001FEB3E /* Release */ = {
			isa = XCBuildConfiguration;
			baseConfigurationReference = 7E081C3AC38F6615DF583618 /* Pods-SwiftDemo.release.xcconfig */;
			buildSettings = {
				ASSETCATALOG_COMPILER_APPICON_NAME = AppIcon;
				CODE_SIGN_STYLE = Manual;
				DEVELOPMENT_TEAM = "";
				INFOPLIST_FILE = SwiftDemo/Info.plist;
				IPHONEOS_DEPLOYMENT_TARGET = 11.0;
				LD_RUNPATH_SEARCH_PATHS = (
					"$(inherited)",
					"@executable_path/Frameworks",
				);
				PRODUCT_BUNDLE_IDENTIFIER = com.quantgroup.corcle;
				PRODUCT_NAME = "$(TARGET_NAME)";
				PROVISIONING_PROFILE_SPECIFIER = "";
				SWIFT_VERSION = 5.0;
				TARGETED_DEVICE_FAMILY = 1;
			};
			name = Release;
		};
/* End XCBuildConfiguration section */

/* Begin XCConfigurationList section */
		97B79A04225F329D001FEB3E /* Build configuration list for PBXProject "SwiftDemo" */ = {
			isa = XCConfigurationList;
			buildConfigurations = (
				97B79A19225F329E001FEB3E /* Debug */,
				97B79A1A225F329E001FEB3E /* Release */,
			);
			defaultConfigurationIsVisible = 0;
			defaultConfigurationName = Release;
		};
		97B79A1B225F329E001FEB3E /* Build configuration list for PBXNativeTarget "SwiftDemo" */ = {
			isa = XCConfigurationList;
			buildConfigurations = (
				97B79A1C225F329E001FEB3E /* Debug */,
				97B79A1D225F329E001FEB3E /* Release */,
			);
			defaultConfigurationIsVisible = 0;
			defaultConfigurationName = Release;
		};
/* End XCConfigurationList section */
	};
	rootObject = 97B79A01225F329D001FEB3E /* Project object */;
}
